
Microsoft Visual Studio Solution File, Format Version 12.00
# Visual Studio Version 16
VisualStudioVersion = 16.0.31729.503
MinimumVisualStudioVersion = 10.0.40219.1
Project("{FAE04EC0-301F-11D3-BF4B-00C04F79EFBC}") = "HastaneRandevuEFCF_WinFormUI", "HastaneRandevuEFCF_WinFormUI\HastaneRandevuEFCF_WinFormUI.csproj", "{928A9DDE-23A7-48DF-9720-D641A35EC708}"
EndProject
Project("{FAE04EC0-301F-11D3-BF4B-00C04F79EFBC}") = "HastaneRandevuEFCF_Entities", "HastaneRandevuEFCF_Entities\HastaneRandevuEFCF_Entities.csproj", "{D4410C1E-4BD4-48DE-A659-921D78114FFC}"
EndProject
Project("{FAE04EC0-301F-11D3-BF4B-00C04F79EFBC}") = "HastaneRandevuEFCF_DAL", "HastaneRandevuEFCF_DAL\HastaneRandevuEFCF_DAL.csproj", "{9617A197-6160-4B27-A734-5E1DB2B92BB7}"
EndProject
Project("{FAE04EC0-301F-11D3-BF4B-00C04F79EFBC}") = "HastaneRandevuEFCF_BLL", "HastaneRandevuEFCF_BLL\HastaneRandevuEFCF_BLL.csproj", "{5D3C297D-9920-48D3-A653-357628B7576A}"
EndProject
Global
	GlobalSection(SolutionConfigurationPlatforms) = preSolution
		Debug|Any CPU = Debug|Any CPU
		Release|Any CPU = Release|Any CPU
	EndGlobalSection
	GlobalSection(ProjectConfigurationPlatforms) = postSolution
		{928A9DDE-23A7-48DF-9720-D641A35EC708}.Debug|Any CPU.ActiveCfg = Debug|Any CPU
		{928A9DDE-23A7-48DF-9720-D641A35EC708}.Debug|Any CPU.Build.0 = Debug|Any CPU
		{928A9DDE-23A7-48DF-9720-D641A35EC708}.Release|Any CPU.ActiveCfg = Release|Any CPU
		{928A9DDE-23A7-48DF-9720-D641A35EC708}.Release|Any CPU.Build.0 = Release|Any CPU
		{D4410C1E-4BD4-48DE-A659-921D78114FFC}.Debug|Any CPU.ActiveCfg = Debug|Any CPU
		{D4410C1E-4BD4-48DE-A659-921D78114FFC}.Debug|Any CPU.Build.0 = Debug|Any CPU
		{D4410C1E-4BD4-48DE-A659-921D78114FFC}.Release|Any CPU.ActiveCfg = Release|Any CPU
		{D4410C1E-4BD4-48DE-A659-921D78114FFC}.Release|Any CPU.Build.0 = Release|Any CPU
		{9617A197-6160-4B27-A734-5E1DB2B92BB7}.Debug|Any CPU.ActiveCfg = Debug|Any CPU
		{9617A197-6160-4B27-A734-5E1DB2B92BB7}.Debug|Any CPU.Build.0 = Debug|Any CPU
		{9617A197-6160-4B27-A734-5E1DB2B92BB7}.Release|Any CPU.ActiveCfg = Release|Any CPU
		{9617A197-6160-4B27-A734-5E1DB2B92BB7}.Release|Any CPU.Build.0 = Release|Any CPU
		{5D3C297D-9920-48D3-A653-357628B7576A}.Debug|Any CPU.ActiveCfg = Debug|Any CPU
		{5D3C297D-9920-48D3-A653-357628B7576A}.Debug|Any CPU.Build.0 = Debug|Any CPU
		{5D3C297D-9920-48D3-A653-357628B7576A}.Release|Any CPU.ActiveCfg = Release|Any CPU
		{5D3C297D-9920-48D3-A653-357628B7576A}.Release|Any CPU.Build.0 = Release|Any CPU
	EndGlobalSection
	GlobalSection(SolutionProperties) = preSolution
		HideSolutionNode = FALSE
	EndGlobalSection
	GlobalSection(ExtensibilityGlobals) = postSolution
		SolutionGuid = {1E452181-4C12-46A8-84E5-CE5C0E5D1958}
	EndGlobalSection
EndGlobal
